# This file is autogenerated, do not edit; changes may be undone by the next 'dep ensure'.


[[projects]]
  branch = "master"
  digest = "1:17f65c237a1b562859d1362207739fa609263ae6e53d0021c48e3d99639fd1a2"
  name = "github.com/adam-hanna/copyRecursive"
  packages = ["."]
  pruneopts = "UT"
  revision = "d0160a51751b1e0f5711043b32f4f779f559c22f"

[[projects]]
  branch = "master"
  digest = "1:2a4afef2ef0e4e4ab66b4f4f6a70bf6551ae8b727184771b5547e2b90245fe58"
  name = "github.com/cznic/golex"
  packages = ["lex"]
  pruneopts = "UT"
  revision = "4ab7c5e190e49208c823ce8ec803aa39e6a4b31a"

[[projects]]
  digest = "1:865079840386857c809b72ce300be7580cb50d3d3129ce11bf9aa6ca2bc1934a"
  name = "github.com/fatih/color"
  packages = ["."]
  pruneopts = "UT"
  revision = "5b77d2a35fb0ede96d138fc9a99f5c9b6aef11b4"
  version = "v1.7.0"

[[projects]]
  branch = "master"
  digest = "1:5c3444689562053b027ef3b96372e306adbe0d7d109b6cdd48d01eb80f8bab14"
  name = "github.com/jinzhu/copier"
  packages = ["."]
  pruneopts = "UT"
  revision = "7e38e58719c33e0d44d585c4ab477a30f8cb82dd"

[[projects]]
  digest = "1:c658e84ad3916da105a761660dcaeb01e63416c8ec7bc62256a9b411a05fcd67"
  name = "github.com/mattn/go-colorable"
  packages = ["."]
  pruneopts = "UT"
  revision = "167de6bfdfba052fa6b2d3664c8f5272e23c9072"
  version = "v0.0.9"

[[projects]]
  digest = "1:0981502f9816113c9c8c4ac301583841855c8cf4da8c72f696b3ebedf6d0e4e5"
  name = "github.com/mattn/go-isatty"
  packages = ["."]
  pruneopts = "UT"
  revision = "6ca4dbf54d38eea1a992b3c722a76a5d1c4cb25c"
  version = "v0.0.4"

[[projects]]
  digest = "1:3cafc6a5a1b8269605d9df4c6956d43d8011fc57f266ca6b9d04da6c09dee548"
  name = "github.com/mattn/go-sqlite3"
  packages = ["."]
  pruneopts = "UT"
  revision = "25ecb14adfc7543176f7d85291ec7dba82c6f7e4"
  version = "v1.9.0"

[[projects]]
  digest = "1:358ff1c50db38a001fb0cecfe2df88f0bb3923ef3e912175a9d03459aef52eeb"
  name = "github.com/z7zmey/php-parser"
  packages = [
    "comment",
    "errors",
    "node",
    "node/expr",
    "node/expr/assign",
    "node/expr/binary",
    "node/expr/cast",
    "node/name",
    "node/scalar",
    "node/stmt",
    "parser",
    "php7",
    "position",
    "printer",
    "scanner",
    "walker",
  ]
  pruneopts = "UT"
  revision = "290645f3c92c7e725d9cd04aaacdddbd9cedcd28"
  version = "v0.5.1"

[[projects]]
  branch = "master"
  digest = "1:6eb2645d74b43d9c87b51947df39f7c668a4f422cd512053f7f6f75bfaad0197"
  name = "golang.org/x/sys"
  packages = ["unix"]
  pruneopts = "UT"
  revision = "d0be0721c37eeb5299f245a996a483160fc36940"

[solve-meta]
  analyzer-name = "dep"
  analyzer-version = 1
  input-imports = [
    "github.com/adam-hanna/copyRecursive",
    "github.com/fatih/color",
    "github.com/jinzhu/copier",
    "github.com/mattn/go-sqlite3",
    "github.com/z7zmey/php-parser/node",
    "github.com/z7zmey/php-parser/node/expr",
    "github.com/z7zmey/php-parser/node/expr/assign",
    "github.com/z7zmey/php-parser/node/expr/binary",
    "github.com/z7zmey/php-parser/node/name",
    "github.com/z7zmey/php-parser/node/scalar",
    "github.com/z7zmey/php-parser/node/stmt",
    "github.com/z7zmey/php-parser/parser",
    "github.com/z7zmey/php-parser/php7",
    "github.com/z7zmey/php-parser/printer",
    "github.com/z7zmey/php-parser/walker",
  ]
  solver-name = "gps-cdcl"
  solver-version = 1
